
Microsoft Visual Studio Solution File, Format Version 12.00
# Visual Studio Version 16
VisualStudioVersion = 16.0.31729.503
MinimumVisualStudioVersion = 10.0.40219.1
Project("{FAE04EC0-301F-11D3-BF4B-00C04F79EFBC}") = "WebApplication1", "WebApplication1\WebApplication1.csproj", "{42EB1DC6-AFBC-411C-925A-6EC87C594D56}"
EndProject
Global
	GlobalSection(SolutionConfigurationPlatforms) = preSolution
		Debug|Any CPU = Debug|Any CPU
		Release|Any CPU = Release|Any CPU
	EndGlobalSection
	GlobalSection(ProjectConfigurationPlatforms) = postSolution
		{42EB1DC6-AFBC-411C-925A-6EC87C594D56}.Debug|Any CPU.ActiveCfg = Debug|Any CPU
		{42EB1DC6-AFBC-411C-925A-6EC87C594D56}.Debug|Any CPU.Build.0 = Debug|Any CPU
		{42EB1DC6-AFBC-411C-925A-6EC87C594D56}.Release|Any CPU.ActiveCfg = Release|Any CPU
		{42EB1DC6-AFBC-411C-925A-6EC87C594D56}.Release|Any CPU.Build.0 = Release|Any CPU
	EndGlobalSection
	GlobalSection(SolutionProperties) = preSolution
		HideSolutionNode = FALSE
	EndGlobalSection
	GlobalSection(ExtensibilityGlobals) = postSolution
		SolutionGuid = {CF0D0FF3-2AE9-47CC-B538-348A987F09D3}
	EndGlobalSection
EndGlobal
